
Microsoft Visual Studio Solution File, Format Version 12.00
# Visual Studio Version 17
VisualStudioVersion = 17.1.32210.238
MinimumVisualStudioVersion = 10.0.40219.1
Project("{FAE04EC0-301F-11D3-BF4B-00C04F79EFBC}") = "LoopMintSharp", "LoopMintSharp\LoopMintSharp.csproj", "{A0A90B5D-194B-451E-8609-6BA92D0D87D5}"
EndProject
Global
	GlobalSection(SolutionConfigurationPlatforms) = preSolution
		Debug|Any CPU = Debug|Any CPU
		Release|Any CPU = Release|Any CPU
	EndGlobalSection
	GlobalSection(ProjectConfigurationPlatforms) = postSolution
		{A0A90B5D-194B-451E-8609-6BA92D0D87D5}.Debug|Any CPU.ActiveCfg = Debug|Any CPU
		{A0A90B5D-194B-451E-8609-6BA92D0D87D5}.Debug|Any CPU.Build.0 = Debug|Any CPU
		{A0A90B5D-194B-451E-8609-6BA92D0D87D5}.Release|Any CPU.ActiveCfg = Release|Any CPU
		{A0A90B5D-194B-451E-8609-6BA92D0D87D5}.Release|Any CPU.Build.0 = Release|Any CPU
	EndGlobalSection
	GlobalSection(SolutionProperties) = preSolution
		HideSolutionNode = FALSE
	EndGlobalSection
	GlobalSection(ExtensibilityGlobals) = postSolution
		SolutionGuid = {7CE86DC9-4950-4764-94AF-91CFF41AFDBD}
	EndGlobalSection
EndGlobal
